
Microsoft Visual Studio Solution File, Format Version 12.00
# Visual Studio Version 17
VisualStudioVersion = 17.5.002.0
MinimumVisualStudioVersion = 10.0.40219.1
Project("{9A19103F-16F7-4668-BE54-9A1E7A4F7556}") = "HULK", "HULK.csproj", "{C2AA9A03-A0FE-4415-9014-353B676EAB60}"
EndProject
Global
	GlobalSection(SolutionConfigurationPlatforms) = preSolution
		Debug|Any CPU = Debug|Any CPU
		Release|Any CPU = Release|Any CPU
	EndGlobalSection
	GlobalSection(ProjectConfigurationPlatforms) = postSolution
		{C2AA9A03-A0FE-4415-9014-353B676EAB60}.Debug|Any CPU.ActiveCfg = Debug|Any CPU
		{C2AA9A03-A0FE-4415-9014-353B676EAB60}.Debug|Any CPU.Build.0 = Debug|Any CPU
		{C2AA9A03-A0FE-4415-9014-353B676EAB60}.Release|Any CPU.ActiveCfg = Release|Any CPU
		{C2AA9A03-A0FE-4415-9014-353B676EAB60}.Release|Any CPU.Build.0 = Release|Any CPU
	EndGlobalSection
	GlobalSection(SolutionProperties) = preSolution
		HideSolutionNode = FALSE
	EndGlobalSection
	GlobalSection(ExtensibilityGlobals) = postSolution
		SolutionGuid = {B577D59A-9F13-45DB-8CAC-B68A25F08F10}
	EndGlobalSection
EndGlobal
